
Microsoft Visual Studio Solution File, Format Version 12.00
# Visual Studio 2012
Project("{FAE04EC0-301F-11D3-BF4B-00C04F79EFBC}") = "PaxService", "PaxService\PaxService.csproj", "{75D30944-74EE-4B29-A248-AA85B482D2C2}"
EndProject
Project("{2150E333-8FDC-42A3-9474-1A3956D46DE8}") = "Unit Tests", "Unit Tests", "{232910F1-0E9F-4F9B-B14F-A2E4AE4F05E1}"
EndProject
Project("{FAE04EC0-301F-11D3-BF4B-00C04F79EFBC}") = "PaxUI", "PaxUI\PaxUI.csproj", "{C44E36DB-9AFD-4957-9910-92E2F6BB0044}"
EndProject
Project("{FAE04EC0-301F-11D3-BF4B-00C04F79EFBC}") = "Common", "Common\Common.csproj", "{450B72AD-8B0D-4AA3-9031-6EE55CBF8880}"
EndProject
Project("{FAE04EC0-301F-11D3-BF4B-00C04F79EFBC}") = "ServiceTests", "ServiceTests\ServiceTests.csproj", "{34601882-B0AF-4A66-BC07-FFCCC664CE84}"
EndProject
Project("{FAE04EC0-301F-11D3-BF4B-00C04F79EFBC}") = "UITests", "UITests\UITests.csproj", "{A393C3FF-AB18-4E0C-986F-B9709C1A7F87}"
EndProject
Project("{FAE04EC0-301F-11D3-BF4B-00C04F79EFBC}") = "PaxModel", "PaxModel\PaxModel.csproj", "{0D8CA85C-E28A-4FD3-9EDF-FD12E8CD046E}"
EndProject
Project("{FAE04EC0-301F-11D3-BF4B-00C04F79EFBC}") = "Pax.Data", "Pax.Data\Pax.Data.csproj", "{BE20354F-FEC2-4B93-BC6A-4B81CB56CD48}"
EndProject
Global
	GlobalSection(SolutionConfigurationPlatforms) = preSolution
		Debug|Any CPU = Debug|Any CPU
		Release|Any CPU = Release|Any CPU
	EndGlobalSection
	GlobalSection(ProjectConfigurationPlatforms) = postSolution
		{75D30944-74EE-4B29-A248-AA85B482D2C2}.Debug|Any CPU.ActiveCfg = Debug|Any CPU
		{75D30944-74EE-4B29-A248-AA85B482D2C2}.Debug|Any CPU.Build.0 = Debug|Any CPU
		{75D30944-74EE-4B29-A248-AA85B482D2C2}.Release|Any CPU.ActiveCfg = Release|Any CPU
		{75D30944-74EE-4B29-A248-AA85B482D2C2}.Release|Any CPU.Build.0 = Release|Any CPU
		{C44E36DB-9AFD-4957-9910-92E2F6BB0044}.Debug|Any CPU.ActiveCfg = Debug|Any CPU
		{C44E36DB-9AFD-4957-9910-92E2F6BB0044}.Debug|Any CPU.Build.0 = Debug|Any CPU
		{C44E36DB-9AFD-4957-9910-92E2F6BB0044}.Release|Any CPU.ActiveCfg = Release|Any CPU
		{C44E36DB-9AFD-4957-9910-92E2F6BB0044}.Release|Any CPU.Build.0 = Release|Any CPU
		{450B72AD-8B0D-4AA3-9031-6EE55CBF8880}.Debug|Any CPU.ActiveCfg = Debug|Any CPU
		{450B72AD-8B0D-4AA3-9031-6EE55CBF8880}.Debug|Any CPU.Build.0 = Debug|Any CPU
		{450B72AD-8B0D-4AA3-9031-6EE55CBF8880}.Release|Any CPU.ActiveCfg = Release|Any CPU
		{450B72AD-8B0D-4AA3-9031-6EE55CBF8880}.Release|Any CPU.Build.0 = Release|Any CPU
		{34601882-B0AF-4A66-BC07-FFCCC664CE84}.Debug|Any CPU.ActiveCfg = Debug|Any CPU
		{34601882-B0AF-4A66-BC07-FFCCC664CE84}.Debug|Any CPU.Build.0 = Debug|Any CPU
		{34601882-B0AF-4A66-BC07-FFCCC664CE84}.Release|Any CPU.ActiveCfg = Release|Any CPU
		{34601882-B0AF-4A66-BC07-FFCCC664CE84}.Release|Any CPU.Build.0 = Release|Any CPU
		{A393C3FF-AB18-4E0C-986F-B9709C1A7F87}.Debug|Any CPU.ActiveCfg = Debug|Any CPU
		{A393C3FF-AB18-4E0C-986F-B9709C1A7F87}.Debug|Any CPU.Build.0 = Debug|Any CPU
		{A393C3FF-AB18-4E0C-986F-B9709C1A7F87}.Release|Any CPU.ActiveCfg = Release|Any CPU
		{A393C3FF-AB18-4E0C-986F-B9709C1A7F87}.Release|Any CPU.Build.0 = Release|Any CPU
		{0D8CA85C-E28A-4FD3-9EDF-FD12E8CD046E}.Debug|Any CPU.ActiveCfg = Debug|Any CPU
		{0D8CA85C-E28A-4FD3-9EDF-FD12E8CD046E}.Debug|Any CPU.Build.0 = Debug|Any CPU
		{0D8CA85C-E28A-4FD3-9EDF-FD12E8CD046E}.Release|Any CPU.ActiveCfg = Release|Any CPU
		{0D8CA85C-E28A-4FD3-9EDF-FD12E8CD046E}.Release|Any CPU.Build.0 = Release|Any CPU
		{BE20354F-FEC2-4B93-BC6A-4B81CB56CD48}.Debug|Any CPU.ActiveCfg = Debug|Any CPU
		{BE20354F-FEC2-4B93-BC6A-4B81CB56CD48}.Debug|Any CPU.Build.0 = Debug|Any CPU
		{BE20354F-FEC2-4B93-BC6A-4B81CB56CD48}.Release|Any CPU.ActiveCfg = Release|Any CPU
		{BE20354F-FEC2-4B93-BC6A-4B81CB56CD48}.Release|Any CPU.Build.0 = Release|Any CPU
	EndGlobalSection
	GlobalSection(SolutionProperties) = preSolution
		HideSolutionNode = FALSE
	EndGlobalSection
	GlobalSection(NestedProjects) = preSolution
		{34601882-B0AF-4A66-BC07-FFCCC664CE84} = {232910F1-0E9F-4F9B-B14F-A2E4AE4F05E1}
		{A393C3FF-AB18-4E0C-986F-B9709C1A7F87} = {232910F1-0E9F-4F9B-B14F-A2E4AE4F05E1}
	EndGlobalSection
EndGlobal
